
Microsoft Visual Studio Solution File, Format Version 12.00
# Visual Studio Version 17
VisualStudioVersion = 17.5.33424.131
MinimumVisualStudioVersion = 10.0.40219.1
Project("{FAE04EC0-301F-11D3-BF4B-00C04F79EFBC}") = "Readwrite", "Readwrite.csproj", "{AEAE8D58-A8A4-4453-B582-BA893BEA72D6}"
EndProject
Global
	GlobalSection(SolutionConfigurationPlatforms) = preSolution
		Debug|Any CPU = Debug|Any CPU
		Release|Any CPU = Release|Any CPU
	EndGlobalSection
	GlobalSection(ProjectConfigurationPlatforms) = postSolution
		{AEAE8D58-A8A4-4453-B582-BA893BEA72D6}.Debug|Any CPU.ActiveCfg = Debug|Any CPU
		{AEAE8D58-A8A4-4453-B582-BA893BEA72D6}.Debug|Any CPU.Build.0 = Debug|Any CPU
		{AEAE8D58-A8A4-4453-B582-BA893BEA72D6}.Release|Any CPU.ActiveCfg = Release|Any CPU
		{AEAE8D58-A8A4-4453-B582-BA893BEA72D6}.Release|Any CPU.Build.0 = Release|Any CPU
	EndGlobalSection
	GlobalSection(SolutionProperties) = preSolution
		HideSolutionNode = FALSE
	EndGlobalSection
	GlobalSection(ExtensibilityGlobals) = postSolution
		SolutionGuid = {042B46D2-FEEA-4AFD-9D14-58319E5D5837}
	EndGlobalSection
EndGlobal
